
Microsoft Visual Studio Solution File, Format Version 12.00
# Visual Studio Version 17
VisualStudioVersion = 17.10.34928.147
MinimumVisualStudioVersion = 10.0.40219.1
Project("{9A19103F-16F7-4668-BE54-9A1E7A4F7556}") = "Data", "Data\Data.csproj", "{5E404766-D787-4AE2-8FAB-B9956ED3DE1F}"
EndProject
Project("{E53339B2-1760-4266-BCC7-CA923CBCF16C}") = "docker-compose", "docker-compose.dcproj", "{9F359694-EC13-4D4C-863B-4E984885BE5F}"
EndProject
Project("{9A19103F-16F7-4668-BE54-9A1E7A4F7556}") = "Web", "Web\Web.csproj", "{92AF3B2E-8ACE-41EB-8DCD-0EDC47360C93}"
EndProject
Project("{FAE04EC0-301F-11D3-BF4B-00C04F79EFBC}") = "Tests", "Tests\Tests.csproj", "{FE0279E7-DA14-4FA8-AF51-D02AFEC3E7CA}"
EndProject
Global
	GlobalSection(SolutionConfigurationPlatforms) = preSolution
		Debug|Any CPU = Debug|Any CPU
		Release|Any CPU = Release|Any CPU
	EndGlobalSection
	GlobalSection(ProjectConfigurationPlatforms) = postSolution
		{5E404766-D787-4AE2-8FAB-B9956ED3DE1F}.Debug|Any CPU.ActiveCfg = Debug|Any CPU
		{5E404766-D787-4AE2-8FAB-B9956ED3DE1F}.Debug|Any CPU.Build.0 = Debug|Any CPU
		{5E404766-D787-4AE2-8FAB-B9956ED3DE1F}.Release|Any CPU.ActiveCfg = Release|Any CPU
		{5E404766-D787-4AE2-8FAB-B9956ED3DE1F}.Release|Any CPU.Build.0 = Release|Any CPU
		{9F359694-EC13-4D4C-863B-4E984885BE5F}.Debug|Any CPU.ActiveCfg = Debug|Any CPU
		{9F359694-EC13-4D4C-863B-4E984885BE5F}.Debug|Any CPU.Build.0 = Debug|Any CPU
		{9F359694-EC13-4D4C-863B-4E984885BE5F}.Release|Any CPU.ActiveCfg = Release|Any CPU
		{9F359694-EC13-4D4C-863B-4E984885BE5F}.Release|Any CPU.Build.0 = Release|Any CPU
		{92AF3B2E-8ACE-41EB-8DCD-0EDC47360C93}.Debug|Any CPU.ActiveCfg = Debug|Any CPU
		{92AF3B2E-8ACE-41EB-8DCD-0EDC47360C93}.Debug|Any CPU.Build.0 = Debug|Any CPU
		{92AF3B2E-8ACE-41EB-8DCD-0EDC47360C93}.Release|Any CPU.ActiveCfg = Release|Any CPU
		{92AF3B2E-8ACE-41EB-8DCD-0EDC47360C93}.Release|Any CPU.Build.0 = Release|Any CPU
		{FE0279E7-DA14-4FA8-AF51-D02AFEC3E7CA}.Debug|Any CPU.ActiveCfg = Debug|Any CPU
		{FE0279E7-DA14-4FA8-AF51-D02AFEC3E7CA}.Debug|Any CPU.Build.0 = Debug|Any CPU
		{FE0279E7-DA14-4FA8-AF51-D02AFEC3E7CA}.Release|Any CPU.ActiveCfg = Release|Any CPU
		{FE0279E7-DA14-4FA8-AF51-D02AFEC3E7CA}.Release|Any CPU.Build.0 = Release|Any CPU
	EndGlobalSection
	GlobalSection(SolutionProperties) = preSolution
		HideSolutionNode = FALSE
	EndGlobalSection
	GlobalSection(ExtensibilityGlobals) = postSolution
		SolutionGuid = {0939D0A3-C84A-4725-8A8E-972883D0511C}
	EndGlobalSection
EndGlobal
